
Microsoft Visual Studio Solution File, Format Version 12.00
Project("{FAE04EC0-301F-11D3-BF4B-00C04F79EFBC}") = "Plywood.Computer", "Plywood.Computer\Plywood.Computer.csproj", "{0CC2B0D2-2216-4100-B164-BFBA5062ADCF}"
EndProject
Project("{FAE04EC0-301F-11D3-BF4B-00C04F79EFBC}") = "Plywood.Computer.Benchmarks", "Plywood.Computer.Benchmarks\Plywood.Computer.Benchmarks.csproj", "{8F8E9020-1465-4B5B-BB28-622FAC59E4A6}"
EndProject
Project("{FAE04EC0-301F-11D3-BF4B-00C04F79EFBC}") = "Plywood.Physics", "Plywood.Physics\Plywood.Physics.csproj", "{ACB86A74-6806-4964-A88B-9DBD8C8B5479}"
EndProject
Global
	GlobalSection(SolutionConfigurationPlatforms) = preSolution
		Debug|Any CPU = Debug|Any CPU
		Release|Any CPU = Release|Any CPU
	EndGlobalSection
	GlobalSection(ProjectConfigurationPlatforms) = postSolution
		{0CC2B0D2-2216-4100-B164-BFBA5062ADCF}.Debug|Any CPU.ActiveCfg = Debug|Any CPU
		{0CC2B0D2-2216-4100-B164-BFBA5062ADCF}.Debug|Any CPU.Build.0 = Debug|Any CPU
		{0CC2B0D2-2216-4100-B164-BFBA5062ADCF}.Release|Any CPU.ActiveCfg = Release|Any CPU
		{0CC2B0D2-2216-4100-B164-BFBA5062ADCF}.Release|Any CPU.Build.0 = Release|Any CPU
		{8F8E9020-1465-4B5B-BB28-622FAC59E4A6}.Debug|Any CPU.ActiveCfg = Debug|Any CPU
		{8F8E9020-1465-4B5B-BB28-622FAC59E4A6}.Debug|Any CPU.Build.0 = Debug|Any CPU
		{8F8E9020-1465-4B5B-BB28-622FAC59E4A6}.Release|Any CPU.ActiveCfg = Release|Any CPU
		{8F8E9020-1465-4B5B-BB28-622FAC59E4A6}.Release|Any CPU.Build.0 = Release|Any CPU
		{ACB86A74-6806-4964-A88B-9DBD8C8B5479}.Debug|Any CPU.ActiveCfg = Debug|Any CPU
		{ACB86A74-6806-4964-A88B-9DBD8C8B5479}.Debug|Any CPU.Build.0 = Debug|Any CPU
		{ACB86A74-6806-4964-A88B-9DBD8C8B5479}.Release|Any CPU.ActiveCfg = Release|Any CPU
		{ACB86A74-6806-4964-A88B-9DBD8C8B5479}.Release|Any CPU.Build.0 = Release|Any CPU
	EndGlobalSection
EndGlobal
